// !$*UTF8*$!
{
	archiveVersion = 1;
	classes = {
	};
	objectVersion = 48;
	objects = {

/* Begin PBXBuildFile section */
		9E2E3BFD206ADBE400B531A2 /* main.swift in Sources */ = {isa = PBXBuildFile; fileRef = 9E2E3BFC206ADBE400B531A2 /* main.swift */; };
		9E40696C206B90F500CA75BD /* Character.swift in Sources */ = {isa = PBXBuildFile; fileRef = 9E40696B206B90F500CA75BD /* Character.swift */; };
		9E40696E206B94AC00CA75BD /* Warrior.swift in Sources */ = {isa = PBXBuildFile; fileRef = 9E40696D206B94AC00CA75BD /* Warrior.swift */; };
		9E406970206B94CC00CA75BD /* Mage.swift in Sources */ = {isa = PBXBuildFile; fileRef = 9E40696F206B94CC00CA75BD /* Mage.swift */; };
		9E406972206B94DD00CA75BD /* Giant.swift in Sources */ = {isa = PBXBuildFile; fileRef = 9E406971206B94DD00CA75BD /* Giant.swift */; };
		9E406974206B94EC00CA75BD /* Dwarf.swift in Sources */ = {isa = PBXBuildFile; fileRef = 9E406973206B94EC00CA75BD /* Dwarf.swift */; };
		9E406977206B9FD700CA75BD /* Weapon.swift in Sources */ = {isa = PBXBuildFile; fileRef = 9E406976206B9FD700CA75BD /* Weapon.swift */; };
		9E406979206B9FFC00CA75BD /* Sword.swift in Sources */ = {isa = PBXBuildFile; fileRef = 9E406978206B9FFC00CA75BD /* Sword.swift */; };
		9E40697B206BA00A00CA75BD /* Axe.swift in Sources */ = {isa = PBXBuildFile; fileRef = 9E40697A206BA00A00CA75BD /* Axe.swift */; };
		9E40697D206BA02200CA75BD /* Threat.swift in Sources */ = {isa = PBXBuildFile; fileRef = 9E40697C206BA02200CA75BD /* Threat.swift */; };
		9E419C1B20761623000EAF98 /* Crossbow.swift in Sources */ = {isa = PBXBuildFile; fileRef = 9E419C1A20761623000EAF98 /* Crossbow.swift */; };
/* End PBXBuildFile section */

/* Begin PBXCopyFilesBuildPhase section */
		9E2E3BF7206ADBE400B531A2 /* CopyFiles */ = {
			isa = PBXCopyFilesBuildPhase;
			buildActionMask = 2147483647;
			dstPath = /usr/share/man/man1/;
			dstSubfolderSpec = 0;
			files = (
			);
			runOnlyForDeploymentPostprocessing = 1;
		};
/* End PBXCopyFilesBuildPhase section */

/* Begin PBXFileReference section */
		9E2E3BF9206ADBE400B531A2 /* GAME */ = {isa = PBXFileReference; explicitFileType = "compiled.mach-o.executable"; includeInIndex = 0; path = GAME; sourceTree = BUILT_PRODUCTS_DIR; };
		9E2E3BFC206ADBE400B531A2 /* main.swift */ = {isa = PBXFileReference; lastKnownFileType = sourcecode.swift; path = main.swift; sourceTree = "<group>"; };
		9E40696B206B90F500CA75BD /* Character.swift */ = {isa = PBXFileReference; lastKnownFileType = sourcecode.swift; path = Character.swift; sourceTree = "<group>"; };
		9E40696D206B94AC00CA75BD /* Warrior.swift */ = {isa = PBXFileReference; lastKnownFileType = sourcecode.swift; path = Warrior.swift; sourceTree = "<group>"; };
		9E40696F206B94CC00CA75BD /* Mage.swift */ = {isa = PBXFileReference; lastKnownFileType = sourcecode.swift; path = Mage.swift; sourceTree = "<group>"; };
		9E406971206B94DD00CA75BD /* Giant.swift */ = {isa = PBXFileReference; lastKnownFileType = sourcecode.swift; path = Giant.swift; sourceTree = "<group>"; };
		9E406973206B94EC00CA75BD /* Dwarf.swift */ = {isa = PBXFileReference; lastKnownFileType = sourcecode.swift; path = Dwarf.swift; sourceTree = "<group>"; };
		9E406976206B9FD700CA75BD /* Weapon.swift */ = {isa = PBXFileReference; lastKnownFileType = sourcecode.swift; path = Weapon.swift; sourceTree = "<group>"; };
		9E406978206B9FFC00CA75BD /* Sword.swift */ = {isa = PBXFileReference; lastKnownFileType = sourcecode.swift; path = Sword.swift; sourceTree = "<group>"; };
		9E40697A206BA00A00CA75BD /* Axe.swift */ = {isa = PBXFileReference; lastKnownFileType = sourcecode.swift; path = Axe.swift; sourceTree = "<group>"; };
		9E40697C206BA02200CA75BD /* Threat.swift */ = {isa = PBXFileReference; lastKnownFileType = sourcecode.swift; path = Threat.swift; sourceTree = "<group>"; };
		9E419C1A20761623000EAF98 /* Crossbow.swift */ = {isa = PBXFileReference; lastKnownFileType = sourcecode.swift; path = Crossbow.swift; sourceTree = "<group>"; };
/* End PBXFileReference section */

/* Begin PBXFrameworksBuildPhase section */
		9E2E3BF6206ADBE400B531A2 /* Frameworks */ = {
			isa = PBXFrameworksBuildPhase;
			buildActionMask = 2147483647;
			files = (
			);
			runOnlyForDeploymentPostprocessing = 0;
		};
/* End PBXFrameworksBuildPhase section */

/* Begin PBXGroup section */
		9E2E3BF0206ADBE300B531A2 = {
			isa = PBXGroup;
			children = (
				9E2E3BFB206ADBE400B531A2 /* GAME */,
				9E40696A206B8E7200CA75BD /* Character */,
				9E406975206B9F7D00CA75BD /* Weapon */,
				9E2E3BFA206ADBE400B531A2 /* Products */,
			);
			sourceTree = "<group>";
		};
		9E2E3BFA206ADBE400B531A2 /* Products */ = {
			isa = PBXGroup;
			children = (
				9E2E3BF9206ADBE400B531A2 /* GAME */,
			);
			name = Products;
			sourceTree = "<group>";
		};
		9E2E3BFB206ADBE400B531A2 /* GAME */ = {
			isa = PBXGroup;
			children = (
				9E2E3BFC206ADBE400B531A2 /* main.swift */,
			);
			path = GAME;
			sourceTree = "<group>";
		};
		9E40696A206B8E7200CA75BD /* Character */ = {
			isa = PBXGroup;
			children = (
				9E40696B206B90F500CA75BD /* Character.swift */,
				9E40696D206B94AC00CA75BD /* Warrior.swift */,
				9E40696F206B94CC00CA75BD /* Mage.swift */,
				9E406971206B94DD00CA75BD /* Giant.swift */,
				9E406973206B94EC00CA75BD /* Dwarf.swift */,
			);
			path = Character;
			sourceTree = "<group>";
		};
		9E406975206B9F7D00CA75BD /* Weapon */ = {
			isa = PBXGroup;
			children = (
				9E406976206B9FD700CA75BD /* Weapon.swift */,
				9E406978206B9FFC00CA75BD /* Sword.swift */,
				9E40697A206BA00A00CA75BD /* Axe.swift */,
				9E40697C206BA02200CA75BD /* Threat.swift */,
				9E419C1A20761623000EAF98 /* Crossbow.swift */,
			);
			path = Weapon;
			sourceTree = "<group>";
		};
/* End PBXGroup section */

/* Begin PBXNativeTarget section */
		9E2E3BF8206ADBE400B531A2 /* GAME */ = {
			isa = PBXNativeTarget;
			buildConfigurationList = 9E2E3C00206ADBE400B531A2 /* Build configuration list for PBXNativeTarget "GAME" */;
			buildPhases = (
				9E2E3BF5206ADBE400B531A2 /* Sources */,
				9E2E3BF6206ADBE400B531A2 /* Frameworks */,
				9E2E3BF7206ADBE400B531A2 /* CopyFiles */,
			);
			buildRules = (
			);
			dependencies = (
			);
			name = GAME;
			productName = GAME;
			productReference = 9E2E3BF9206ADBE400B531A2 /* GAME */;
			productType = "com.apple.product-type.tool";
		};
/* End PBXNativeTarget section */

/* Begin PBXProject section */
		9E2E3BF1206ADBE300B531A2 /* Project object */ = {
			isa = PBXProject;
			attributes = {
				LastSwiftUpdateCheck = 0920;
				LastUpgradeCheck = 0920;
				ORGANIZATIONNAME = "Najib ANNABi";
				TargetAttributes = {
					9E2E3BF8206ADBE400B531A2 = {
						CreatedOnToolsVersion = 9.2;
						ProvisioningStyle = Automatic;
					};
				};
			};
			buildConfigurationList = 9E2E3BF4206ADBE400B531A2 /* Build configuration list for PBXProject "GAME" */;
			compatibilityVersion = "Xcode 8.0";
			developmentRegion = en;
			hasScannedForEncodings = 0;
			knownRegions = (
				en,
			);
			mainGroup = 9E2E3BF0206ADBE300B531A2;
			productRefGroup = 9E2E3BFA206ADBE400B531A2 /* Products */;
			projectDirPath = "";
			projectRoot = "";
			targets = (
				9E2E3BF8206ADBE400B531A2 /* GAME */,
			);
		};
/* End PBXProject section */

/* Begin PBXSourcesBuildPhase section */
		9E2E3BF5206ADBE400B531A2 /* Sources */ = {
			isa = PBXSourcesBuildPhase;
			buildActionMask = 2147483647;
			files = (
				9E40696E206B94AC00CA75BD /* Warrior.swift in Sources */,
				9E40697D206BA02200CA75BD /* Threat.swift in Sources */,
				9E2E3BFD206ADBE400B531A2 /* main.swift in Sources */,
				9E40697B206BA00A00CA75BD /* Axe.swift in Sources */,
				9E406974206B94EC00CA75BD /* Dwarf.swift in Sources */,
				9E406977206B9FD700CA75BD /* Weapon.swift in Sources */,
				9E40696C206B90F500CA75BD /* Character.swift in Sources */,
				9E406979206B9FFC00CA75BD /* Sword.swift in Sources */,
				9E406970206B94CC00CA75BD /* Mage.swift in Sources */,
				9E419C1B20761623000EAF98 /* Crossbow.swift in Sources */,
				9E406972206B94DD00CA75BD /* Giant.swift in Sources */,
			);
			runOnlyForDeploymentPostprocessing = 0;
		};
/* End PBXSourcesBuildPhase section */

/* Begin XCBuildConfiguration section */
		9E2E3BFE206ADBE400B531A2 /* Debug */ = {
			isa = XCBuildConfiguration;
			buildSettings = {
				ALWAYS_SEARCH_USER_PATHS = NO;
				CLANG_ANALYZER_NONNULL = YES;
				CLANG_ANALYZER_NUMBER_OBJECT_CONVERSION = YES_AGGRESSIVE;
				CLANG_CXX_LANGUAGE_STANDARD = "gnu++14";
				CLANG_CXX_LIBRARY = "libc++";
				CLANG_ENABLE_MODULES = YES;
				CLANG_ENABLE_OBJC_ARC = YES;
				CLANG_WARN_BLOCK_CAPTURE_AUTORELEASING = YES;
				CLANG_WARN_BOOL_CONVERSION = YES;
				CLANG_WARN_COMMA = YES;
				CLANG_WARN_CONSTANT_CONVERSION = YES;
				CLANG_WARN_DIRECT_OBJC_ISA_USAGE = YES_ERROR;
				CLANG_WARN_DOCUMENTATION_COMMENTS = YES;
				CLANG_WARN_EMPTY_BODY = YES;
				CLANG_WARN_ENUM_CONVERSION = YES;
				CLANG_WARN_INFINITE_RECURSION = YES;
				CLANG_WARN_INT_CONVERSION = YES;
				CLANG_WARN_NON_LITERAL_NULL_CONVERSION = YES;
				CLANG_WARN_OBJC_LITERAL_CONVERSION = YES;
				CLANG_WARN_OBJC_ROOT_CLASS = YES_ERROR;
				CLANG_WARN_RANGE_LOOP_ANALYSIS = YES;
				CLANG_WARN_STRICT_PROTOTYPES = YES;
				CLANG_WARN_SUSPICIOUS_MOVE = YES;
				CLANG_WARN_UNGUARDED_AVAILABILITY = YES_AGGRESSIVE;
				CLANG_WARN_UNREACHABLE_CODE = YES;
				CLANG_WARN__DUPLICATE_METHOD_MATCH = YES;
				CODE_SIGN_IDENTITY = "-";
				COPY_PHASE_STRIP = NO;
				DEBUG_INFORMATION_FORMAT = dwarf;
				ENABLE_STRICT_OBJC_MSGSEND = YES;
				ENABLE_TESTABILITY = YES;
				GCC_C_LANGUAGE_STANDARD = gnu11;
				GCC_DYNAMIC_NO_PIC = NO;
				GCC_NO_COMMON_BLOCKS = YES;
				GCC_OPTIMIZATION_LEVEL = 0;
				GCC_PREPROCESSOR_DEFINITIONS = (
					"DEBUG=1",
					"$(inherited)",
				);
				GCC_WARN_64_TO_32_BIT_CONVERSION = YES;
				GCC_WARN_ABOUT_RETURN_TYPE = YES_ERROR;
				GCC_WARN_UNDECLARED_SELECTOR = YES;
				GCC_WARN_UNINITIALIZED_AUTOS = YES_AGGRESSIVE;
				GCC_WARN_UNUSED_FUNCTION = YES;
				GCC_WARN_UNUSED_VARIABLE = YES;
				MACOSX_DEPLOYMENT_TARGET = 10.13;
				MTL_ENABLE_DEBUG_INFO = YES;
				ONLY_ACTIVE_ARCH = YES;
				SDKROOT = macosx;
				SWIFT_ACTIVE_COMPILATION_CONDITIONS = DEBUG;
				SWIFT_OPTIMIZATION_LEVEL = "-Onone";
			};
			name = Debug;
		};
		9E2E3BFF206ADBE400B531A2 /* Release */ = {
			isa = XCBuildConfiguration;
			buildSettings = {
				ALWAYS_SEARCH_USER_PATHS = NO;
				CLANG_ANALYZER_NONNULL = YES;
				CLANG_ANALYZER_NUMBER_OBJECT_CONVERSION = YES_AGGRESSIVE;
				CLANG_CXX_LANGUAGE_STANDARD = "gnu++14";
				CLANG_CXX_LIBRARY = "libc++";
				CLANG_ENABLE_MODULES = YES;
				CLANG_ENABLE_OBJC_ARC = YES;
				CLANG_WARN_BLOCK_CAPTURE_AUTORELEASING = YES;
				CLANG_WARN_BOOL_CONVERSION = YES;
				CLANG_WARN_COMMA = YES;
				CLANG_WARN_CONSTANT_CONVERSION = YES;
				CLANG_WARN_DIRECT_OBJC_ISA_USAGE = YES_ERROR;
				CLANG_WARN_DOCUMENTATION_COMMENTS = YES;
				CLANG_WARN_EMPTY_BODY = YES;
				CLANG_WARN_ENUM_CONVERSION = YES;
				CLANG_WARN_INFINITE_RECURSION = YES;
				CLANG_WARN_INT_CONVERSION = YES;
				CLANG_WARN_NON_LITERAL_NULL_CONVERSION = YES;
				CLANG_WARN_OBJC_LITERAL_CONVERSION = YES;
				CLANG_WARN_OBJC_ROOT_CLASS = YES_ERROR;
				CLANG_WARN_RANGE_LOOP_ANALYSIS = YES;
				CLANG_WARN_STRICT_PROTOTYPES = YES;
				CLANG_WARN_SUSPICIOUS_MOVE = YES;
				CLANG_WARN_UNGUARDED_AVAILABILITY = YES_AGGRESSIVE;
				CLANG_WARN_UNREACHABLE_CODE = YES;
				CLANG_WARN__DUPLICATE_METHOD_MATCH = YES;
				CODE_SIGN_IDENTITY = "-";
				COPY_PHASE_STRIP = NO;
				DEBUG_INFORMATION_FORMAT = "dwarf-with-dsym";
				ENABLE_NS_ASSERTIONS = NO;
				ENABLE_STRICT_OBJC_MSGSEND = YES;
				GCC_C_LANGUAGE_STANDARD = gnu11;
				GCC_NO_COMMON_BLOCKS = YES;
				GCC_WARN_64_TO_32_BIT_CONVERSION = YES;
				GCC_WARN_ABOUT_RETURN_TYPE = YES_ERROR;
				GCC_WARN_UNDECLARED_SELECTOR = YES;
				GCC_WARN_UNINITIALIZED_AUTOS = YES_AGGRESSIVE;
				GCC_WARN_UNUSED_FUNCTION = YES;
				GCC_WARN_UNUSED_VARIABLE = YES;
				MACOSX_DEPLOYMENT_TARGET = 10.13;
				MTL_ENABLE_DEBUG_INFO = NO;
				SDKROOT = macosx;
				SWIFT_OPTIMIZATION_LEVEL = "-Owholemodule";
			};
			name = Release;
		};
		9E2E3C01206ADBE400B531A2 /* Debug */ = {
			isa = XCBuildConfiguration;
			buildSettings = {
				CODE_SIGN_STYLE = Automatic;
				PRODUCT_NAME = "$(TARGET_NAME)";
				SWIFT_VERSION = 4.0;
			};
			name = Debug;
		};
		9E2E3C02206ADBE400B531A2 /* Release */ = {
			isa = XCBuildConfiguration;
			buildSettings = {
				CODE_SIGN_STYLE = Automatic;
				PRODUCT_NAME = "$(TARGET_NAME)";
				SWIFT_VERSION = 4.0;
			};
			name = Release;
		};
/* End XCBuildConfiguration section */

/* Begin XCConfigurationList section */
		9E2E3BF4206ADBE400B531A2 /* Build configuration list for PBXProject "GAME" */ = {
			isa = XCConfigurationList;
			buildConfigurations = (
				9E2E3BFE206ADBE400B531A2 /* Debug */,
				9E2E3BFF206ADBE400B531A2 /* Release */,
			);
			defaultConfigurationIsVisible = 0;
			defaultConfigurationName = Release;
		};
		9E2E3C00206ADBE400B531A2 /* Build configuration list for PBXNativeTarget "GAME" */ = {
			isa = XCConfigurationList;
			buildConfigurations = (
				9E2E3C01206ADBE400B531A2 /* Debug */,
				9E2E3C02206ADBE400B531A2 /* Release */,
			);
			defaultConfigurationIsVisible = 0;
			defaultConfigurationName = Release;
		};
/* End XCConfigurationList section */
	};
	rootObject = 9E2E3BF1206ADBE300B531A2 /* Project object */;
}
